
Microsoft Visual Studio Solution File, Format Version 12.00
# Visual Studio Version 17
VisualStudioVersion = 17.0.32014.148
MinimumVisualStudioVersion = 10.0.40219.1
Project("{FAE04EC0-301F-11D3-BF4B-00C04F79EFBC}") = "PodmanDesktop", "PodmanDesktop\PodmanDesktop.csproj", "{CCF8EA46-A708-41A1-A2C9-4FA868F9E461}"
EndProject
Global
	GlobalSection(SolutionConfigurationPlatforms) = preSolution
		Debug|Any CPU = Debug|Any CPU
		Release|Any CPU = Release|Any CPU
	EndGlobalSection
	GlobalSection(ProjectConfigurationPlatforms) = postSolution
		{CCF8EA46-A708-41A1-A2C9-4FA868F9E461}.Debug|Any CPU.ActiveCfg = Debug|Any CPU
		{CCF8EA46-A708-41A1-A2C9-4FA868F9E461}.Debug|Any CPU.Build.0 = Debug|Any CPU
		{CCF8EA46-A708-41A1-A2C9-4FA868F9E461}.Release|Any CPU.ActiveCfg = Release|Any CPU
		{CCF8EA46-A708-41A1-A2C9-4FA868F9E461}.Release|Any CPU.Build.0 = Release|Any CPU
	EndGlobalSection
	GlobalSection(SolutionProperties) = preSolution
		HideSolutionNode = FALSE
	EndGlobalSection
	GlobalSection(ExtensibilityGlobals) = postSolution
		SolutionGuid = {BCE83429-29C9-48AA-930B-40E2647F3F2A}
	EndGlobalSection
EndGlobal
